
Microsoft Visual Studio Solution File, Format Version 12.00
# Visual Studio 15
VisualStudioVersion = 15.0.28307.421
MinimumVisualStudioVersion = 10.0.40219.1
Project("{FAE04EC0-301F-11D3-BF4B-00C04F79EFBC}") = "PolymorphismPrinter", "PolymorphismPrinter\PolymorphismPrinter.csproj", "{C9915FD3-D697-4ACB-A5E7-BB366B930616}"
EndProject
Global
	GlobalSection(SolutionConfigurationPlatforms) = preSolution
		Debug|Any CPU = Debug|Any CPU
		Release|Any CPU = Release|Any CPU
	EndGlobalSection
	GlobalSection(ProjectConfigurationPlatforms) = postSolution
		{C9915FD3-D697-4ACB-A5E7-BB366B930616}.Debug|Any CPU.ActiveCfg = Debug|Any CPU
		{C9915FD3-D697-4ACB-A5E7-BB366B930616}.Debug|Any CPU.Build.0 = Debug|Any CPU
		{C9915FD3-D697-4ACB-A5E7-BB366B930616}.Release|Any CPU.ActiveCfg = Release|Any CPU
		{C9915FD3-D697-4ACB-A5E7-BB366B930616}.Release|Any CPU.Build.0 = Release|Any CPU
	EndGlobalSection
	GlobalSection(SolutionProperties) = preSolution
		HideSolutionNode = FALSE
	EndGlobalSection
	GlobalSection(ExtensibilityGlobals) = postSolution
		SolutionGuid = {7F870451-11BF-4E32-A87B-9A0D581736F7}
	EndGlobalSection
EndGlobal
